// !$*UTF8*$!
{
	archiveVersion = 1;
	classes = {
	};
	objectVersion = 55;
	objects = {

/* Begin PBXBuildFile section */
		886A248328AEA441008DFF60 /* FlagImage.swift in Sources */ = {isa = PBXBuildFile; fileRef = 886A248228AEA441008DFF60 /* FlagImage.swift */; };
		88751B9528A839C50031601C /* GuessTheFlagApp.swift in Sources */ = {isa = PBXBuildFile; fileRef = 88751B9428A839C50031601C /* GuessTheFlagApp.swift */; };
		88751B9928A839C60031601C /* Assets.xcassets in Resources */ = {isa = PBXBuildFile; fileRef = 88751B9828A839C60031601C /* Assets.xcassets */; };
		88751B9C28A839C60031601C /* Preview Assets.xcassets in Resources */ = {isa = PBXBuildFile; fileRef = 88751B9B28A839C60031601C /* Preview Assets.xcassets */; };
		88751BA328A83ECF0031601C /* ColorsAndShapes.swift in Sources */ = {isa = PBXBuildFile; fileRef = 88751BA228A83ECF0031601C /* ColorsAndShapes.swift */; };
		88751BA528A840950031601C /* Gradients.swift in Sources */ = {isa = PBXBuildFile; fileRef = 88751BA428A840950031601C /* Gradients.swift */; };
		88751BA728A842DB0031601C /* ButtonsAndImages.swift in Sources */ = {isa = PBXBuildFile; fileRef = 88751BA628A842DB0031601C /* ButtonsAndImages.swift */; };
		88751BA928A848130031601C /* AlertaMessages.swift in Sources */ = {isa = PBXBuildFile; fileRef = 88751BA828A848130031601C /* AlertaMessages.swift */; };
		88751BAB28A8494A0031601C /* Stacks.swift in Sources */ = {isa = PBXBuildFile; fileRef = 88751BAA28A8494A0031601C /* Stacks.swift */; };
		88961B4E296C827E00C74FBC /* ContentViewExtensions.swift in Sources */ = {isa = PBXBuildFile; fileRef = 88961B4D296C827E00C74FBC /* ContentViewExtensions.swift */; };
		88961B50296C829E00C74FBC /* .gitignore in Resources */ = {isa = PBXBuildFile; fileRef = 88961B4F296C829E00C74FBC /* .gitignore */; };
		88B4730828A9501300B1634E /* ContentView.swift in Sources */ = {isa = PBXBuildFile; fileRef = 88B4730728A9501300B1634E /* ContentView.swift */; };
/* End PBXBuildFile section */

/* Begin PBXFileReference section */
		886A248228AEA441008DFF60 /* FlagImage.swift */ = {isa = PBXFileReference; lastKnownFileType = sourcecode.swift; path = FlagImage.swift; sourceTree = "<group>"; };
		88751B9128A839C50031601C /* GuessTheFlag.app */ = {isa = PBXFileReference; explicitFileType = wrapper.application; includeInIndex = 0; path = GuessTheFlag.app; sourceTree = BUILT_PRODUCTS_DIR; };
		88751B9428A839C50031601C /* GuessTheFlagApp.swift */ = {isa = PBXFileReference; lastKnownFileType = sourcecode.swift; path = GuessTheFlagApp.swift; sourceTree = "<group>"; };
		88751B9828A839C60031601C /* Assets.xcassets */ = {isa = PBXFileReference; lastKnownFileType = folder.assetcatalog; path = Assets.xcassets; sourceTree = "<group>"; };
		88751B9B28A839C60031601C /* Preview Assets.xcassets */ = {isa = PBXFileReference; lastKnownFileType = folder.assetcatalog; path = "Preview Assets.xcassets"; sourceTree = "<group>"; };
		88751BA228A83ECF0031601C /* ColorsAndShapes.swift */ = {isa = PBXFileReference; lastKnownFileType = sourcecode.swift; path = ColorsAndShapes.swift; sourceTree = "<group>"; };
		88751BA428A840950031601C /* Gradients.swift */ = {isa = PBXFileReference; lastKnownFileType = sourcecode.swift; path = Gradients.swift; sourceTree = "<group>"; };
		88751BA628A842DB0031601C /* ButtonsAndImages.swift */ = {isa = PBXFileReference; lastKnownFileType = sourcecode.swift; path = ButtonsAndImages.swift; sourceTree = "<group>"; };
		88751BA828A848130031601C /* AlertaMessages.swift */ = {isa = PBXFileReference; lastKnownFileType = sourcecode.swift; path = AlertaMessages.swift; sourceTree = "<group>"; };
		88751BAA28A8494A0031601C /* Stacks.swift */ = {isa = PBXFileReference; lastKnownFileType = sourcecode.swift; path = Stacks.swift; sourceTree = "<group>"; };
		88961B4D296C827E00C74FBC /* ContentViewExtensions.swift */ = {isa = PBXFileReference; lastKnownFileType = sourcecode.swift; path = ContentViewExtensions.swift; sourceTree = "<group>"; };
		88961B4F296C829E00C74FBC /* .gitignore */ = {isa = PBXFileReference; lastKnownFileType = text; path = .gitignore; sourceTree = "<group>"; };
		88B4730728A9501300B1634E /* ContentView.swift */ = {isa = PBXFileReference; lastKnownFileType = sourcecode.swift; path = ContentView.swift; sourceTree = "<group>"; };
/* End PBXFileReference section */

/* Begin PBXFrameworksBuildPhase section */
		88751B8E28A839C50031601C /* Frameworks */ = {
			isa = PBXFrameworksBuildPhase;
			buildActionMask = 2147483647;
			files = (
			);
			runOnlyForDeploymentPostprocessing = 0;
		};
/* End PBXFrameworksBuildPhase section */

/* Begin PBXGroup section */
		88751B8828A839C50031601C = {
			isa = PBXGroup;
			children = (
				88961B4F296C829E00C74FBC /* .gitignore */,
				88751B9328A839C50031601C /* GuessTheFlag */,
				88751B9228A839C50031601C /* Products */,
			);
			sourceTree = "<group>";
		};
		88751B9228A839C50031601C /* Products */ = {
			isa = PBXGroup;
			children = (
				88751B9128A839C50031601C /* GuessTheFlag.app */,
			);
			name = Products;
			sourceTree = "<group>";
		};
		88751B9328A839C50031601C /* GuessTheFlag */ = {
			isa = PBXGroup;
			children = (
				88961B51296C850000C74FBC /* Lessons */,
				88961B52296C851E00C74FBC /* Components */,
				88961B4D296C827E00C74FBC /* ContentViewExtensions.swift */,
				88751B9428A839C50031601C /* GuessTheFlagApp.swift */,
				88B4730728A9501300B1634E /* ContentView.swift */,
				88751B9828A839C60031601C /* Assets.xcassets */,
				88751B9A28A839C60031601C /* Preview Content */,
			);
			path = GuessTheFlag;
			sourceTree = "<group>";
		};
		88751B9A28A839C60031601C /* Preview Content */ = {
			isa = PBXGroup;
			children = (
				88751B9B28A839C60031601C /* Preview Assets.xcassets */,
			);
			path = "Preview Content";
			sourceTree = "<group>";
		};
		88961B51296C850000C74FBC /* Lessons */ = {
			isa = PBXGroup;
			children = (
				88751BA428A840950031601C /* Gradients.swift */,
				88751BA228A83ECF0031601C /* ColorsAndShapes.swift */,
				88751BAA28A8494A0031601C /* Stacks.swift */,
			);
			path = Lessons;
			sourceTree = "<group>";
		};
		88961B52296C851E00C74FBC /* Components */ = {
			isa = PBXGroup;
			children = (
				88751BA828A848130031601C /* AlertaMessages.swift */,
				886A248228AEA441008DFF60 /* FlagImage.swift */,
				88751BA628A842DB0031601C /* ButtonsAndImages.swift */,
			);
			path = Components;
			sourceTree = "<group>";
		};
/* End PBXGroup section */

/* Begin PBXNativeTarget section */
		88751B9028A839C50031601C /* GuessTheFlag */ = {
			isa = PBXNativeTarget;
			buildConfigurationList = 88751B9F28A839C60031601C /* Build configuration list for PBXNativeTarget "GuessTheFlag" */;
			buildPhases = (
				88751B8D28A839C50031601C /* Sources */,
				88751B8E28A839C50031601C /* Frameworks */,
				88751B8F28A839C50031601C /* Resources */,
			);
			buildRules = (
			);
			dependencies = (
			);
			name = GuessTheFlag;
			productName = GuessTheFlag;
			productReference = 88751B9128A839C50031601C /* GuessTheFlag.app */;
			productType = "com.apple.product-type.application";
		};
/* End PBXNativeTarget section */

/* Begin PBXProject section */
		88751B8928A839C50031601C /* Project object */ = {
			isa = PBXProject;
			attributes = {
				BuildIndependentTargetsInParallel = 1;
				LastSwiftUpdateCheck = 1340;
				LastUpgradeCheck = 1340;
				TargetAttributes = {
					88751B9028A839C50031601C = {
						CreatedOnToolsVersion = 13.4.1;
					};
				};
			};
			buildConfigurationList = 88751B8C28A839C50031601C /* Build configuration list for PBXProject "GuessTheFlag" */;
			compatibilityVersion = "Xcode 13.0";
			developmentRegion = en;
			hasScannedForEncodings = 0;
			knownRegions = (
				en,
				Base,
			);
			mainGroup = 88751B8828A839C50031601C;
			productRefGroup = 88751B9228A839C50031601C /* Products */;
			projectDirPath = "";
			projectRoot = "";
			targets = (
				88751B9028A839C50031601C /* GuessTheFlag */,
			);
		};
/* End PBXProject section */

/* Begin PBXResourcesBuildPhase section */
		88751B8F28A839C50031601C /* Resources */ = {
			isa = PBXResourcesBuildPhase;
			buildActionMask = 2147483647;
			files = (
				88751B9C28A839C60031601C /* Preview Assets.xcassets in Resources */,
				88961B50296C829E00C74FBC /* .gitignore in Resources */,
				88751B9928A839C60031601C /* Assets.xcassets in Resources */,
			);
			runOnlyForDeploymentPostprocessing = 0;
		};
/* End PBXResourcesBuildPhase section */

/* Begin PBXSourcesBuildPhase section */
		88751B8D28A839C50031601C /* Sources */ = {
			isa = PBXSourcesBuildPhase;
			buildActionMask = 2147483647;
			files = (
				88751BA328A83ECF0031601C /* ColorsAndShapes.swift in Sources */,
				88B4730828A9501300B1634E /* ContentView.swift in Sources */,
				88751BA728A842DB0031601C /* ButtonsAndImages.swift in Sources */,
				88751B9528A839C50031601C /* GuessTheFlagApp.swift in Sources */,
				88961B4E296C827E00C74FBC /* ContentViewExtensions.swift in Sources */,
				88751BAB28A8494A0031601C /* Stacks.swift in Sources */,
				88751BA928A848130031601C /* AlertaMessages.swift in Sources */,
				88751BA528A840950031601C /* Gradients.swift in Sources */,
				886A248328AEA441008DFF60 /* FlagImage.swift in Sources */,
			);
			runOnlyForDeploymentPostprocessing = 0;
		};
/* End PBXSourcesBuildPhase section */

/* Begin XCBuildConfiguration section */
		88751B9D28A839C60031601C /* Debug */ = {
			isa = XCBuildConfiguration;
			buildSettings = {
				ALWAYS_SEARCH_USER_PATHS = NO;
				CLANG_ANALYZER_NONNULL = YES;
				CLANG_ANALYZER_NUMBER_OBJECT_CONVERSION = YES_AGGRESSIVE;
				CLANG_CXX_LANGUAGE_STANDARD = "gnu++17";
				CLANG_ENABLE_MODULES = YES;
				CLANG_ENABLE_OBJC_ARC = YES;
				CLANG_ENABLE_OBJC_WEAK = YES;
				CLANG_WARN_BLOCK_CAPTURE_AUTORELEASING = YES;
				CLANG_WARN_BOOL_CONVERSION = YES;
				CLANG_WARN_COMMA = YES;
				CLANG_WARN_CONSTANT_CONVERSION = YES;
				CLANG_WARN_DEPRECATED_OBJC_IMPLEMENTATIONS = YES;
				CLANG_WARN_DIRECT_OBJC_ISA_USAGE = YES_ERROR;
				CLANG_WARN_DOCUMENTATION_COMMENTS = YES;
				CLANG_WARN_EMPTY_BODY = YES;
				CLANG_WARN_ENUM_CONVERSION = YES;
				CLANG_WARN_INFINITE_RECURSION = YES;
				CLANG_WARN_INT_CONVERSION = YES;
				CLANG_WARN_NON_LITERAL_NULL_CONVERSION = YES;
				CLANG_WARN_OBJC_IMPLICIT_RETAIN_SELF = YES;
				CLANG_WARN_OBJC_LITERAL_CONVERSION = YES;
				CLANG_WARN_OBJC_ROOT_CLASS = YES_ERROR;
				CLANG_WARN_QUOTED_INCLUDE_IN_FRAMEWORK_HEADER = YES;
				CLANG_WARN_RANGE_LOOP_ANALYSIS = YES;
				CLANG_WARN_STRICT_PROTOTYPES = YES;
				CLANG_WARN_SUSPICIOUS_MOVE = YES;
				CLANG_WARN_UNGUARDED_AVAILABILITY = YES_AGGRESSIVE;
				CLANG_WARN_UNREACHABLE_CODE = YES;
				CLANG_WARN__DUPLICATE_METHOD_MATCH = YES;
				COPY_PHASE_STRIP = NO;
				DEBUG_INFORMATION_FORMAT = dwarf;
				ENABLE_STRICT_OBJC_MSGSEND = YES;
				ENABLE_TESTABILITY = YES;
				GCC_C_LANGUAGE_STANDARD = gnu11;
				GCC_DYNAMIC_NO_PIC = NO;
				GCC_NO_COMMON_BLOCKS = YES;
				GCC_OPTIMIZATION_LEVEL = 0;
				GCC_PREPROCESSOR_DEFINITIONS = (
					"DEBUG=1",
					"$(inherited)",
				);
				GCC_WARN_64_TO_32_BIT_CONVERSION = YES;
				GCC_WARN_ABOUT_RETURN_TYPE = YES_ERROR;
				GCC_WARN_UNDECLARED_SELECTOR = YES;
				GCC_WARN_UNINITIALIZED_AUTOS = YES_AGGRESSIVE;
				GCC_WARN_UNUSED_FUNCTION = YES;
				GCC_WARN_UNUSED_VARIABLE = YES;
				IPHONEOS_DEPLOYMENT_TARGET = 15.5;
				MTL_ENABLE_DEBUG_INFO = INCLUDE_SOURCE;
				MTL_FAST_MATH = YES;
				ONLY_ACTIVE_ARCH = YES;
				SDKROOT = iphoneos;
				SWIFT_ACTIVE_COMPILATION_CONDITIONS = DEBUG;
				SWIFT_OPTIMIZATION_LEVEL = "-Onone";
			};
			name = Debug;
		};
		88751B9E28A839C60031601C /* Release */ = {
			isa = XCBuildConfiguration;
			buildSettings = {
				ALWAYS_SEARCH_USER_PATHS = NO;
				CLANG_ANALYZER_NONNULL = YES;
				CLANG_ANALYZER_NUMBER_OBJECT_CONVERSION = YES_AGGRESSIVE;
				CLANG_CXX_LANGUAGE_STANDARD = "gnu++17";
				CLANG_ENABLE_MODULES = YES;
				CLANG_ENABLE_OBJC_ARC = YES;
				CLANG_ENABLE_OBJC_WEAK = YES;
				CLANG_WARN_BLOCK_CAPTURE_AUTORELEASING = YES;
				CLANG_WARN_BOOL_CONVERSION = YES;
				CLANG_WARN_COMMA = YES;
				CLANG_WARN_CONSTANT_CONVERSION = YES;
				CLANG_WARN_DEPRECATED_OBJC_IMPLEMENTATIONS = YES;
				CLANG_WARN_DIRECT_OBJC_ISA_USAGE = YES_ERROR;
				CLANG_WARN_DOCUMENTATION_COMMENTS = YES;
				CLANG_WARN_EMPTY_BODY = YES;
				CLANG_WARN_ENUM_CONVERSION = YES;
				CLANG_WARN_INFINITE_RECURSION = YES;
				CLANG_WARN_INT_CONVERSION = YES;
				CLANG_WARN_NON_LITERAL_NULL_CONVERSION = YES;
				CLANG_WARN_OBJC_IMPLICIT_RETAIN_SELF = YES;
				CLANG_WARN_OBJC_LITERAL_CONVERSION = YES;
				CLANG_WARN_OBJC_ROOT_CLASS = YES_ERROR;
				CLANG_WARN_QUOTED_INCLUDE_IN_FRAMEWORK_HEADER = YES;
				CLANG_WARN_RANGE_LOOP_ANALYSIS = YES;
				CLANG_WARN_STRICT_PROTOTYPES = YES;
				CLANG_WARN_SUSPICIOUS_MOVE = YES;
				CLANG_WARN_UNGUARDED_AVAILABILITY = YES_AGGRESSIVE;
				CLANG_WARN_UNREACHABLE_CODE = YES;
				CLANG_WARN__DUPLICATE_METHOD_MATCH = YES;
				COPY_PHASE_STRIP = NO;
				DEBUG_INFORMATION_FORMAT = "dwarf-with-dsym";
				ENABLE_NS_ASSERTIONS = NO;
				ENABLE_STRICT_OBJC_MSGSEND = YES;
				GCC_C_LANGUAGE_STANDARD = gnu11;
				GCC_NO_COMMON_BLOCKS = YES;
				GCC_WARN_64_TO_32_BIT_CONVERSION = YES;
				GCC_WARN_ABOUT_RETURN_TYPE = YES_ERROR;
				GCC_WARN_UNDECLARED_SELECTOR = YES;
				GCC_WARN_UNINITIALIZED_AUTOS = YES_AGGRESSIVE;
				GCC_WARN_UNUSED_FUNCTION = YES;
				GCC_WARN_UNUSED_VARIABLE = YES;
				IPHONEOS_DEPLOYMENT_TARGET = 15.5;
				MTL_ENABLE_DEBUG_INFO = NO;
				MTL_FAST_MATH = YES;
				SDKROOT = iphoneos;
				SWIFT_COMPILATION_MODE = wholemodule;
				SWIFT_OPTIMIZATION_LEVEL = "-O";
				VALIDATE_PRODUCT = YES;
			};
			name = Release;
		};
		88751BA028A839C60031601C /* Debug */ = {
			isa = XCBuildConfiguration;
			buildSettings = {
				ASSETCATALOG_COMPILER_APPICON_NAME = AppIcon;
				ASSETCATALOG_COMPILER_GLOBAL_ACCENT_COLOR_NAME = AccentColor;
				CODE_SIGN_STYLE = Automatic;
				CURRENT_PROJECT_VERSION = 1;
				DEVELOPMENT_ASSET_PATHS = "\"GuessTheFlag/Preview Content\"";
				DEVELOPMENT_TEAM = 938L7H5GMC;
				ENABLE_PREVIEWS = YES;
				GENERATE_INFOPLIST_FILE = YES;
				INFOPLIST_KEY_UIApplicationSceneManifest_Generation = YES;
				INFOPLIST_KEY_UIApplicationSupportsIndirectInputEvents = YES;
				INFOPLIST_KEY_UILaunchScreen_Generation = YES;
				INFOPLIST_KEY_UISupportedInterfaceOrientations_iPad = "UIInterfaceOrientationPortrait UIInterfaceOrientationPortraitUpsideDown UIInterfaceOrientationLandscapeLeft UIInterfaceOrientationLandscapeRight";
				INFOPLIST_KEY_UISupportedInterfaceOrientations_iPhone = "UIInterfaceOrientationPortrait UIInterfaceOrientationLandscapeLeft UIInterfaceOrientationLandscapeRight";
				LD_RUNPATH_SEARCH_PATHS = (
					"$(inherited)",
					"@executable_path/Frameworks",
				);
				MARKETING_VERSION = 1.0;
				PRODUCT_BUNDLE_IDENTIFIER = tkoff0110.GuessTheFlag;
				PRODUCT_NAME = "$(TARGET_NAME)";
				SWIFT_EMIT_LOC_STRINGS = YES;
				SWIFT_VERSION = 5.0;
				TARGETED_DEVICE_FAMILY = "1,2";
			};
			name = Debug;
		};
		88751BA128A839C60031601C /* Release */ = {
			isa = XCBuildConfiguration;
			buildSettings = {
				ASSETCATALOG_COMPILER_APPICON_NAME = AppIcon;
				ASSETCATALOG_COMPILER_GLOBAL_ACCENT_COLOR_NAME = AccentColor;
				CODE_SIGN_STYLE = Automatic;
				CURRENT_PROJECT_VERSION = 1;
				DEVELOPMENT_ASSET_PATHS = "\"GuessTheFlag/Preview Content\"";
				DEVELOPMENT_TEAM = 938L7H5GMC;
				ENABLE_PREVIEWS = YES;
				GENERATE_INFOPLIST_FILE = YES;
				INFOPLIST_KEY_UIApplicationSceneManifest_Generation = YES;
				INFOPLIST_KEY_UIApplicationSupportsIndirectInputEvents = YES;
				INFOPLIST_KEY_UILaunchScreen_Generation = YES;
				INFOPLIST_KEY_UISupportedInterfaceOrientations_iPad = "UIInterfaceOrientationPortrait UIInterfaceOrientationPortraitUpsideDown UIInterfaceOrientationLandscapeLeft UIInterfaceOrientationLandscapeRight";
				INFOPLIST_KEY_UISupportedInterfaceOrientations_iPhone = "UIInterfaceOrientationPortrait UIInterfaceOrientationLandscapeLeft UIInterfaceOrientationLandscapeRight";
				LD_RUNPATH_SEARCH_PATHS = (
					"$(inherited)",
					"@executable_path/Frameworks",
				);
				MARKETING_VERSION = 1.0;
				PRODUCT_BUNDLE_IDENTIFIER = tkoff0110.GuessTheFlag;
				PRODUCT_NAME = "$(TARGET_NAME)";
				SWIFT_EMIT_LOC_STRINGS = YES;
				SWIFT_VERSION = 5.0;
				TARGETED_DEVICE_FAMILY = "1,2";
			};
			name = Release;
		};
/* End XCBuildConfiguration section */

/* Begin XCConfigurationList section */
		88751B8C28A839C50031601C /* Build configuration list for PBXProject "GuessTheFlag" */ = {
			isa = XCConfigurationList;
			buildConfigurations = (
				88751B9D28A839C60031601C /* Debug */,
				88751B9E28A839C60031601C /* Release */,
			);
			defaultConfigurationIsVisible = 0;
			defaultConfigurationName = Release;
		};
		88751B9F28A839C60031601C /* Build configuration list for PBXNativeTarget "GuessTheFlag" */ = {
			isa = XCConfigurationList;
			buildConfigurations = (
				88751BA028A839C60031601C /* Debug */,
				88751BA128A839C60031601C /* Release */,
			);
			defaultConfigurationIsVisible = 0;
			defaultConfigurationName = Release;
		};
/* End XCConfigurationList section */
	};
	rootObject = 88751B8928A839C50031601C /* Project object */;
}
